
Microsoft Visual Studio Solution File, Format Version 12.00
# Visual Studio Version 17
VisualStudioVersion = 17.14.36301.6
MinimumVisualStudioVersion = 10.0.40219.1
Project("{FAE04EC0-301F-11D3-BF4B-00C04F79EFBC}") = "LiteMediator", "LiteMediator\LiteMediator.csproj", "{0DA93632-6462-420D-934E-70435DE73A4E}"
EndProject
Project("{FAE04EC0-301F-11D3-BF4B-00C04F79EFBC}") = "LiteMediator.Tests", "LiteMediator.Tests\LiteMediator.Tests.csproj", "{D87DA1F3-14FF-4D82-A74A-37B733803E95}"
EndProject
Global
	GlobalSection(SolutionConfigurationPlatforms) = preSolution
		Debug|Any CPU = Debug|Any CPU
		Release|Any CPU = Release|Any CPU
	EndGlobalSection
	GlobalSection(ProjectConfigurationPlatforms) = postSolution
		{0DA93632-6462-420D-934E-70435DE73A4E}.Debug|Any CPU.ActiveCfg = Debug|Any CPU
		{0DA93632-6462-420D-934E-70435DE73A4E}.Debug|Any CPU.Build.0 = Debug|Any CPU
		{0DA93632-6462-420D-934E-70435DE73A4E}.Release|Any CPU.ActiveCfg = Release|Any CPU
		{0DA93632-6462-420D-934E-70435DE73A4E}.Release|Any CPU.Build.0 = Release|Any CPU
		{D87DA1F3-14FF-4D82-A74A-37B733803E95}.Debug|Any CPU.ActiveCfg = Debug|Any CPU
		{D87DA1F3-14FF-4D82-A74A-37B733803E95}.Debug|Any CPU.Build.0 = Debug|Any CPU
		{D87DA1F3-14FF-4D82-A74A-37B733803E95}.Release|Any CPU.ActiveCfg = Release|Any CPU
		{D87DA1F3-14FF-4D82-A74A-37B733803E95}.Release|Any CPU.Build.0 = Release|Any CPU
	EndGlobalSection
	GlobalSection(SolutionProperties) = preSolution
		HideSolutionNode = FALSE
	EndGlobalSection
	GlobalSection(ExtensibilityGlobals) = postSolution
		SolutionGuid = {D610BE77-F2B6-48D5-BFD1-8CC235D03317}
	EndGlobalSection
EndGlobal
